
Microsoft Visual Studio Solution File, Format Version 12.00
# Visual Studio Version 16
VisualStudioVersion = 16.0.33423.256
MinimumVisualStudioVersion = 10.0.40219.1
Project("{FAE04EC0-301F-11D3-BF4B-00C04F79EFBC}") = "Jwt.Api", "Jwt.Api.csproj", "{40276791-8199-49EF-A34B-ECAF7F5F1836}"
EndProject
Global
	GlobalSection(SolutionConfigurationPlatforms) = preSolution
		Debug|Any CPU = Debug|Any CPU
		Release|Any CPU = Release|Any CPU
	EndGlobalSection
	GlobalSection(ProjectConfigurationPlatforms) = postSolution
		{40276791-8199-49EF-A34B-ECAF7F5F1836}.Debug|Any CPU.ActiveCfg = Debug|Any CPU
		{40276791-8199-49EF-A34B-ECAF7F5F1836}.Debug|Any CPU.Build.0 = Debug|Any CPU
		{40276791-8199-49EF-A34B-ECAF7F5F1836}.Release|Any CPU.ActiveCfg = Release|Any CPU
		{40276791-8199-49EF-A34B-ECAF7F5F1836}.Release|Any CPU.Build.0 = Release|Any CPU
	EndGlobalSection
	GlobalSection(SolutionProperties) = preSolution
		HideSolutionNode = FALSE
	EndGlobalSection
	GlobalSection(ExtensibilityGlobals) = postSolution
		SolutionGuid = {48281A4D-65DB-44AC-9919-812C91691FC4}
	EndGlobalSection
EndGlobal
